
Microsoft Visual Studio Solution File, Format Version 12.00
# Visual Studio Version 17
VisualStudioVersion = 17.8.34309.116
MinimumVisualStudioVersion = 10.0.40219.1
Project("{9A19103F-16F7-4668-BE54-9A1E7A4F7556}") = "Dadabase.Function.Net8", "DadABase.Function\Dadabase.Function.Net8.csproj", "{9A0D6DEE-C1E8-4EA3-8EF5-8CF0934BEEE5}"
EndProject
Project("{9A19103F-16F7-4668-BE54-9A1E7A4F7556}") = "DadABase.Entities", "DadABase.Entities\DadABase.Entities.csproj", "{3DE1A212-B293-4A74-AFB9-A83BE5DD5F10}"
EndProject
Project("{9A19103F-16F7-4668-BE54-9A1E7A4F7556}") = "DadABase.DataLayer", "DadABase.DataLayer\DadABase.DataLayer.csproj", "{AA24AA36-B3EA-4EE7-8645-7FDB30DB9ECF}"
EndProject
Project("{9A19103F-16F7-4668-BE54-9A1E7A4F7556}") = "DadABase.Tests", "DadABase.Function.Tests\DadABase.Tests.csproj", "{BA82DB62-E29D-4F60-A8A3-3E626D42470E}"
EndProject
Global
	GlobalSection(SolutionConfigurationPlatforms) = preSolution
		Debug|Any CPU = Debug|Any CPU
		Release|Any CPU = Release|Any CPU
	EndGlobalSection
	GlobalSection(ProjectConfigurationPlatforms) = postSolution
		{9A0D6DEE-C1E8-4EA3-8EF5-8CF0934BEEE5}.Debug|Any CPU.ActiveCfg = Debug|Any CPU
		{9A0D6DEE-C1E8-4EA3-8EF5-8CF0934BEEE5}.Debug|Any CPU.Build.0 = Debug|Any CPU
		{9A0D6DEE-C1E8-4EA3-8EF5-8CF0934BEEE5}.Release|Any CPU.ActiveCfg = Release|Any CPU
		{9A0D6DEE-C1E8-4EA3-8EF5-8CF0934BEEE5}.Release|Any CPU.Build.0 = Release|Any CPU
		{3DE1A212-B293-4A74-AFB9-A83BE5DD5F10}.Debug|Any CPU.ActiveCfg = Debug|Any CPU
		{3DE1A212-B293-4A74-AFB9-A83BE5DD5F10}.Debug|Any CPU.Build.0 = Debug|Any CPU
		{3DE1A212-B293-4A74-AFB9-A83BE5DD5F10}.Release|Any CPU.ActiveCfg = Release|Any CPU
		{3DE1A212-B293-4A74-AFB9-A83BE5DD5F10}.Release|Any CPU.Build.0 = Release|Any CPU
		{AA24AA36-B3EA-4EE7-8645-7FDB30DB9ECF}.Debug|Any CPU.ActiveCfg = Debug|Any CPU
		{AA24AA36-B3EA-4EE7-8645-7FDB30DB9ECF}.Debug|Any CPU.Build.0 = Debug|Any CPU
		{AA24AA36-B3EA-4EE7-8645-7FDB30DB9ECF}.Release|Any CPU.ActiveCfg = Release|Any CPU
		{AA24AA36-B3EA-4EE7-8645-7FDB30DB9ECF}.Release|Any CPU.Build.0 = Release|Any CPU
		{BA82DB62-E29D-4F60-A8A3-3E626D42470E}.Debug|Any CPU.ActiveCfg = Debug|Any CPU
		{BA82DB62-E29D-4F60-A8A3-3E626D42470E}.Debug|Any CPU.Build.0 = Debug|Any CPU
		{BA82DB62-E29D-4F60-A8A3-3E626D42470E}.Release|Any CPU.ActiveCfg = Release|Any CPU
		{BA82DB62-E29D-4F60-A8A3-3E626D42470E}.Release|Any CPU.Build.0 = Release|Any CPU
	EndGlobalSection
	GlobalSection(SolutionProperties) = preSolution
		HideSolutionNode = FALSE
	EndGlobalSection
	GlobalSection(ExtensibilityGlobals) = postSolution
		SolutionGuid = {8147F731-F4E9-4227-8435-7AC92E9A2870}
	EndGlobalSection
EndGlobal
